
Microsoft Visual Studio Solution File, Format Version 12.00
# Visual Studio Version 17
VisualStudioVersion = 17.6.33712.159
MinimumVisualStudioVersion = 10.0.40219.1
Project("{FAE04EC0-301F-11D3-BF4B-00C04F79EFBC}") = "ConsoleApp2", "ConsoleApp2.csproj", "{D737B2BB-6186-4F7D-94A6-E8F959C3D8E6}"
EndProject
Global
	GlobalSection(SolutionConfigurationPlatforms) = preSolution
		Debug|Any CPU = Debug|Any CPU
		Release|Any CPU = Release|Any CPU
	EndGlobalSection
	GlobalSection(ProjectConfigurationPlatforms) = postSolution
		{D737B2BB-6186-4F7D-94A6-E8F959C3D8E6}.Debug|Any CPU.ActiveCfg = Debug|Any CPU
		{D737B2BB-6186-4F7D-94A6-E8F959C3D8E6}.Debug|Any CPU.Build.0 = Debug|Any CPU
		{D737B2BB-6186-4F7D-94A6-E8F959C3D8E6}.Release|Any CPU.ActiveCfg = Release|Any CPU
		{D737B2BB-6186-4F7D-94A6-E8F959C3D8E6}.Release|Any CPU.Build.0 = Release|Any CPU
	EndGlobalSection
	GlobalSection(SolutionProperties) = preSolution
		HideSolutionNode = FALSE
	EndGlobalSection
	GlobalSection(ExtensibilityGlobals) = postSolution
		SolutionGuid = {649ED927-08F9-4B84-8953-C15BFABB0A1B}
	EndGlobalSection
EndGlobal
